
Microsoft Visual Studio Solution File, Format Version 12.00
# Visual Studio Version 16
VisualStudioVersion = 16.0.32002.261
MinimumVisualStudioVersion = 10.0.40219.1
Project("{FAE04EC0-301F-11D3-BF4B-00C04F79EFBC}") = "Blazor.Server", "Server\Blazor.Server.csproj", "{8D8D2665-D9B5-40C7-B479-A86137B2F3FA}"
EndProject
Project("{FAE04EC0-301F-11D3-BF4B-00C04F79EFBC}") = "Blazor.Client", "Client\Blazor.Client.csproj", "{D1794DF3-F725-4F52-AAE4-73117D0705FA}"
EndProject
Project("{FAE04EC0-301F-11D3-BF4B-00C04F79EFBC}") = "Blazor.Shared", "Shared\Blazor.Shared.csproj", "{8BF5A577-EA90-48FB-A279-ADE262FC820E}"
EndProject
Global
	GlobalSection(SolutionConfigurationPlatforms) = preSolution
		Debug|Any CPU = Debug|Any CPU
		Release|Any CPU = Release|Any CPU
	EndGlobalSection
	GlobalSection(ProjectConfigurationPlatforms) = postSolution
		{8D8D2665-D9B5-40C7-B479-A86137B2F3FA}.Debug|Any CPU.ActiveCfg = Debug|Any CPU
		{8D8D2665-D9B5-40C7-B479-A86137B2F3FA}.Debug|Any CPU.Build.0 = Debug|Any CPU
		{8D8D2665-D9B5-40C7-B479-A86137B2F3FA}.Release|Any CPU.ActiveCfg = Release|Any CPU
		{8D8D2665-D9B5-40C7-B479-A86137B2F3FA}.Release|Any CPU.Build.0 = Release|Any CPU
		{D1794DF3-F725-4F52-AAE4-73117D0705FA}.Debug|Any CPU.ActiveCfg = Debug|Any CPU
		{D1794DF3-F725-4F52-AAE4-73117D0705FA}.Debug|Any CPU.Build.0 = Debug|Any CPU
		{D1794DF3-F725-4F52-AAE4-73117D0705FA}.Release|Any CPU.ActiveCfg = Release|Any CPU
		{D1794DF3-F725-4F52-AAE4-73117D0705FA}.Release|Any CPU.Build.0 = Release|Any CPU
		{8BF5A577-EA90-48FB-A279-ADE262FC820E}.Debug|Any CPU.ActiveCfg = Debug|Any CPU
		{8BF5A577-EA90-48FB-A279-ADE262FC820E}.Debug|Any CPU.Build.0 = Debug|Any CPU
		{8BF5A577-EA90-48FB-A279-ADE262FC820E}.Release|Any CPU.ActiveCfg = Release|Any CPU
		{8BF5A577-EA90-48FB-A279-ADE262FC820E}.Release|Any CPU.Build.0 = Release|Any CPU
	EndGlobalSection
	GlobalSection(SolutionProperties) = preSolution
		HideSolutionNode = FALSE
	EndGlobalSection
	GlobalSection(ExtensibilityGlobals) = postSolution
		SolutionGuid = {2F13770C-368F-4FC4-B38D-004361F29CF9}
	EndGlobalSection
EndGlobal
